
Microsoft Visual Studio Solution File, Format Version 12.00
# Visual Studio Version 17
VisualStudioVersion = 17.3.32929.385
MinimumVisualStudioVersion = 10.0.40219.1
Project("{FAE04EC0-301F-11D3-BF4B-00C04F79EFBC}") = "LeaveManagement.Web", "LeaveManagement.Web\LeaveManagement.Web.csproj", "{FF4960C0-8155-4514-9665-A8ACD8BE1533}"
EndProject
Global
	GlobalSection(SolutionConfigurationPlatforms) = preSolution
		Debug|Any CPU = Debug|Any CPU
		Release|Any CPU = Release|Any CPU
	EndGlobalSection
	GlobalSection(ProjectConfigurationPlatforms) = postSolution
		{FF4960C0-8155-4514-9665-A8ACD8BE1533}.Debug|Any CPU.ActiveCfg = Debug|Any CPU
		{FF4960C0-8155-4514-9665-A8ACD8BE1533}.Debug|Any CPU.Build.0 = Debug|Any CPU
		{FF4960C0-8155-4514-9665-A8ACD8BE1533}.Release|Any CPU.ActiveCfg = Release|Any CPU
		{FF4960C0-8155-4514-9665-A8ACD8BE1533}.Release|Any CPU.Build.0 = Release|Any CPU
	EndGlobalSection
	GlobalSection(SolutionProperties) = preSolution
		HideSolutionNode = FALSE
	EndGlobalSection
	GlobalSection(ExtensibilityGlobals) = postSolution
		SolutionGuid = {4AAE96BA-E2AF-4079-AB2E-B5B4543BFA3E}
	EndGlobalSection
EndGlobal
